
Microsoft Visual Studio Solution File, Format Version 11.00
# Visual Studio 2010
Project("{FAE04EC0-301F-11D3-BF4B-00C04F79EFBC}") = "Assembly-CSharp", "Assembly-CSharp.csproj", "{8bf7238a-3989-602b-f458-7e6b57885877}"
EndProject
Project("{FAE04EC0-301F-11D3-BF4B-00C04F79EFBC}") = "Assembly-CSharp-Editor", "Assembly-CSharp-Editor.csproj", "{7ed0adcf-d23b-ac8b-be42-1c4c65ba8443}"
EndProject
Global
	GlobalSection(SolutionConfigurationPlatforms) = preSolution
		Debug|Any CPU = Debug|Any CPU
	EndGlobalSection
	GlobalSection(ProjectConfigurationPlatforms) = postSolution
		{8bf7238a-3989-602b-f458-7e6b57885877}.Debug|Any CPU.ActiveCfg = Debug|Any CPU
		{8bf7238a-3989-602b-f458-7e6b57885877}.Debug|Any CPU.Build.0 = Debug|Any CPU
		{7ed0adcf-d23b-ac8b-be42-1c4c65ba8443}.Debug|Any CPU.ActiveCfg = Debug|Any CPU
		{7ed0adcf-d23b-ac8b-be42-1c4c65ba8443}.Debug|Any CPU.Build.0 = Debug|Any CPU
	EndGlobalSection
	GlobalSection(SolutionProperties) = preSolution
		HideSolutionNode = FALSE
	EndGlobalSection
EndGlobal
